{
  "version": 1,
  "dependencies": {
    "net10.0-windows10.0.17763": {
      "NAudio.Wasapi": {
        "type": "Direct",
        "requested": "[2.2.1, )",
        "resolved": "2.2.1",
        "contentHash": "lFfXoqacZZe0WqNChJgGYI+XV/n/61LzPHT3C1CJp4khoxeo2sziyX5wzNYWeCMNbsWxFvT3b3iXeY1UYjBhZw==",
        "dependencies": {
          "NAudio.Core": "2.2.1"
        }
      },
      "LibVLCSharp": {
        "type": "Transitive",
        "resolved": "3.10.1",
        "contentHash": "6iSrYMk6RU8fyftdXrfR1TW3xpR/WhEmliORuWvAu2N05wECb8k2hykWiU53/1zqx616v/qUlDbJJyqv78MDkQ=="
      },
      "LibVLCSharp.WPF": {
        "type": "Transitive",
        "resolved": "3.10.1",
        "contentHash": "aE/yQPT57bYl+xZ7decqS9TtwvWncIFOzyd7yauM4EWTW8XAfjjwp4HPEx/vh9+uE5GpskIM2EtUc7tyyDjoVQ==",
        "dependencies": {
          "LibVLCSharp": "3.10.1"
        }
      },
      "Microsoft.Web.WebView2": {
        "type": "Transitive",
        "resolved": "1.0.4258.31",
        "contentHash": "sHVZ2MQrHT1J3q5/6csn0fIP27rzpTO/RRC+wPQDrZheB7T4t2n+vVbY6SdCKr4WRV9s/gmBM3PPMWWJtoDzMg=="
      },
      "NAudio.Core": {
        "type": "Transitive",
        "resolved": "2.2.1",
        "contentHash": "GgkdP6K/7FqXFo7uHvoqGZTJvW4z8g2IffhOO4JHaLzKCdDOUEzVKtveoZkCuUX8eV2HAINqi7VFqlFndrnz/g=="
      },
      "VideoLAN.LibVLC.Windows": {
        "type": "Transitive",
        "resolved": "3.0.24",
        "contentHash": "U8SHuJr8eAC3x4+gEtOJD2heReo0tTWP3v21NunYNTzjmHpVp7qELs8phohqazxHMkaSIN8LufdIpAhldiLL/A=="
      },
      "LampaWin": {
        "type": "Project",
        "dependencies": {
          "LampaWin.Core": "[1.0.0, )",
          "LibVLCSharp.WPF": "[3.10.1, )",
          "Microsoft.Web.WebView2": "[1.0.4258.31, )",
          "VideoLAN.LibVLC.Windows": "[3.0.24, )"
        }
      },
      "lampawin.core": {
        "type": "Project"
      }
    }
  }
}